
Microsoft Visual Studio Solution File, Format Version 12.00
# Visual Studio 15
VisualStudioVersion = 15.0.28010.2050
MinimumVisualStudioVersion = 10.0.40219.1
Project("{9A19103F-16F7-4668-BE54-9A1E7A4F7556}") = "NetCoreComponent", "NetCoreComponent.csproj", "{506AAC51-EDF0-4040-BC16-3ADD68079664}"
EndProject
Global
	GlobalSection(SolutionConfigurationPlatforms) = preSolution
		Debug|Any CPU = Debug|Any CPU
		Release|Any CPU = Release|Any CPU
	EndGlobalSection
	GlobalSection(ProjectConfigurationPlatforms) = postSolution
		{506AAC51-EDF0-4040-BC16-3ADD68079664}.Debug|Any CPU.ActiveCfg = Debug|Any CPU
		{506AAC51-EDF0-4040-BC16-3ADD68079664}.Debug|Any CPU.Build.0 = Debug|Any CPU
		{506AAC51-EDF0-4040-BC16-3ADD68079664}.Release|Any CPU.ActiveCfg = Release|Any CPU
		{506AAC51-EDF0-4040-BC16-3ADD68079664}.Release|Any CPU.Build.0 = Release|Any CPU
	EndGlobalSection
	GlobalSection(SolutionProperties) = preSolution
		HideSolutionNode = FALSE
	EndGlobalSection
	GlobalSection(ExtensibilityGlobals) = postSolution
		SolutionGuid = {89587EFB-B5B0-4D36-9FA6-1F92D67F540B}
	EndGlobalSection
EndGlobal
